
Microsoft Visual Studio Solution File, Format Version 12.00
# Visual Studio Version 16
VisualStudioVersion = 16.0.31129.286
MinimumVisualStudioVersion = 10.0.40219.1
Project("{9A19103F-16F7-4668-BE54-9A1E7A4F7556}") = "Yolo6.NetCore", "Yolo6.NetCore\Yolo6.NetCore.csproj", "{C1A0ED0F-F188-4067-814F-BAA51E0C5247}"
EndProject
Project("{9A19103F-16F7-4668-BE54-9A1E7A4F7556}") = "Yolo6.NetCore.Examples", "Yolo6.NetCore.Examples\Yolo6.NetCore.Examples.csproj", "{2C45453B-B41C-443D-93DD-CE4A8BE7A792}"
EndProject
Global
	GlobalSection(SolutionConfigurationPlatforms) = preSolution
		Debug|Any CPU = Debug|Any CPU
		Release|Any CPU = Release|Any CPU
	EndGlobalSection
	GlobalSection(ProjectConfigurationPlatforms) = postSolution
		{C1A0ED0F-F188-4067-814F-BAA51E0C5247}.Debug|Any CPU.ActiveCfg = Debug|Any CPU
		{C1A0ED0F-F188-4067-814F-BAA51E0C5247}.Debug|Any CPU.Build.0 = Debug|Any CPU
		{C1A0ED0F-F188-4067-814F-BAA51E0C5247}.Release|Any CPU.ActiveCfg = Release|Any CPU
		{C1A0ED0F-F188-4067-814F-BAA51E0C5247}.Release|Any CPU.Build.0 = Release|Any CPU
		{2C45453B-B41C-443D-93DD-CE4A8BE7A792}.Debug|Any CPU.ActiveCfg = Debug|Any CPU
		{2C45453B-B41C-443D-93DD-CE4A8BE7A792}.Debug|Any CPU.Build.0 = Debug|Any CPU
		{2C45453B-B41C-443D-93DD-CE4A8BE7A792}.Release|Any CPU.ActiveCfg = Release|Any CPU
		{2C45453B-B41C-443D-93DD-CE4A8BE7A792}.Release|Any CPU.Build.0 = Release|Any CPU
	EndGlobalSection
	GlobalSection(SolutionProperties) = preSolution
		HideSolutionNode = FALSE
	EndGlobalSection
	GlobalSection(ExtensibilityGlobals) = postSolution
		SolutionGuid = {B24A681C-B059-4F71-B619-EA87303972F6}
	EndGlobalSection
EndGlobal
